
Microsoft Visual Studio Solution File, Format Version 12.00
# Visual Studio Version 17
VisualStudioVersion = 17.13.35931.197
MinimumVisualStudioVersion = 10.0.40219.1
Project("{FAE04EC0-301F-11D3-BF4B-00C04F79EFBC}") = "FilaService", "FilaService\FilaService.csproj", "{59796328-0C30-458C-851F-20493BC92A72}"
EndProject
Project("{FAE04EC0-301F-11D3-BF4B-00C04F79EFBC}") = "RabbitMQ.Tests", "..\..\tests\RabbitMQ.Tests\RabbitMQ.Tests.csproj", "{78951DE2-6355-431B-9594-E53622B36D85}"
EndProject
Project("{FAE04EC0-301F-11D3-BF4B-00C04F79EFBC}") = "APIEnvio", "..\APIEnvio\APIEnvio.csproj", "{E8FBBB03-4AE7-4691-8E07-D1CBE99FEC56}"
EndProject
Project("{FAE04EC0-301F-11D3-BF4B-00C04F79EFBC}") = "WorkerConsumidor", "..\WorkerConsumidor\WorkerConsumidor.csproj", "{7C62C972-ACB5-4AFC-9310-08F0BC259B7E}"
EndProject
Global
	GlobalSection(SolutionConfigurationPlatforms) = preSolution
		Debug|Any CPU = Debug|Any CPU
		Release|Any CPU = Release|Any CPU
	EndGlobalSection
	GlobalSection(ProjectConfigurationPlatforms) = postSolution
		{59796328-0C30-458C-851F-20493BC92A72}.Debug|Any CPU.ActiveCfg = Debug|Any CPU
		{59796328-0C30-458C-851F-20493BC92A72}.Debug|Any CPU.Build.0 = Debug|Any CPU
		{59796328-0C30-458C-851F-20493BC92A72}.Release|Any CPU.ActiveCfg = Release|Any CPU
		{59796328-0C30-458C-851F-20493BC92A72}.Release|Any CPU.Build.0 = Release|Any CPU
		{78951DE2-6355-431B-9594-E53622B36D85}.Debug|Any CPU.ActiveCfg = Debug|Any CPU
		{78951DE2-6355-431B-9594-E53622B36D85}.Debug|Any CPU.Build.0 = Debug|Any CPU
		{78951DE2-6355-431B-9594-E53622B36D85}.Release|Any CPU.ActiveCfg = Release|Any CPU
		{78951DE2-6355-431B-9594-E53622B36D85}.Release|Any CPU.Build.0 = Release|Any CPU
		{E8FBBB03-4AE7-4691-8E07-D1CBE99FEC56}.Debug|Any CPU.ActiveCfg = Debug|Any CPU
		{E8FBBB03-4AE7-4691-8E07-D1CBE99FEC56}.Debug|Any CPU.Build.0 = Debug|Any CPU
		{E8FBBB03-4AE7-4691-8E07-D1CBE99FEC56}.Release|Any CPU.ActiveCfg = Release|Any CPU
		{E8FBBB03-4AE7-4691-8E07-D1CBE99FEC56}.Release|Any CPU.Build.0 = Release|Any CPU
		{7C62C972-ACB5-4AFC-9310-08F0BC259B7E}.Debug|Any CPU.ActiveCfg = Debug|Any CPU
		{7C62C972-ACB5-4AFC-9310-08F0BC259B7E}.Debug|Any CPU.Build.0 = Debug|Any CPU
		{7C62C972-ACB5-4AFC-9310-08F0BC259B7E}.Release|Any CPU.ActiveCfg = Release|Any CPU
		{7C62C972-ACB5-4AFC-9310-08F0BC259B7E}.Release|Any CPU.Build.0 = Release|Any CPU
	EndGlobalSection
	GlobalSection(SolutionProperties) = preSolution
		HideSolutionNode = FALSE
	EndGlobalSection
	GlobalSection(ExtensibilityGlobals) = postSolution
		SolutionGuid = {1CC239D8-673C-45F5-B9F7-BDA4D761D994}
	EndGlobalSection
EndGlobal
